
Microsoft Visual Studio Solution File, Format Version 12.00
# Visual Studio 15
VisualStudioVersion = 15.0.25807.0
MinimumVisualStudioVersion = 10.0.40219.1
Project("{2150E333-8FDC-42A3-9474-1A3956D46DE8}") = "Engine", "Engine", "{23AF4FB9-6B82-4803-BAD3-6F85A53E15AB}"
EndProject
Project("{2150E333-8FDC-42A3-9474-1A3956D46DE8}") = "Games", "Games", "{874F8099-DA8F-4B70-9EA0-14C18EFE943A}"
EndProject
Project("{8BC9CEB8-8B4A-11D0-8D11-00A0C91BC942}") = "UE4", "Intermediate\ProjectFiles\UE4.vcxproj", "{5B2FAFE4-C691-4083-9839-0E013AC81904}"
EndProject
Project("{8BC9CEB8-8B4A-11D0-8D11-00A0C91BC942}") = "BuildingEscape", "Intermediate\ProjectFiles\BuildingEscape.vcxproj", "{C9CB7D16-FC92-49ED-89B6-7D7AD2D200F0}"
EndProject
Project("{2150E333-8FDC-42A3-9474-1A3956D46DE8}") = "Visualizers", "Visualizers", "{F9EABF1A-9344-4E4A-9A4F-2DDFC79E9F15}"
	ProjectSection(SolutionItems) = preProject
		..\..\..\..\..\Program Files\Epic Games\UE_4.22\Engine\Extras\VisualStudioDebugging\UE4.natvis = ..\..\..\..\..\Program Files\Epic Games\UE_4.22\Engine\Extras\VisualStudioDebugging\UE4.natvis
	EndProjectSection
EndProject
Global
	GlobalSection(SolutionConfigurationPlatforms) = preSolution
		DebugGame Editor|HTML5 = DebugGame Editor|HTML5
		DebugGame Editor|Win32 = DebugGame Editor|Win32
		DebugGame Editor|Win64 = DebugGame Editor|Win64
		DebugGame|HTML5 = DebugGame|HTML5
		DebugGame|Win32 = DebugGame|Win32
		DebugGame|Win64 = DebugGame|Win64
		Development Editor|HTML5 = Development Editor|HTML5
		Development Editor|Win32 = Development Editor|Win32
		Development Editor|Win64 = Development Editor|Win64
		Development|HTML5 = Development|HTML5
		Development|Win32 = Development|Win32
		Development|Win64 = Development|Win64
		Shipping|HTML5 = Shipping|HTML5
		Shipping|Win32 = Shipping|Win32
		Shipping|Win64 = Shipping|Win64
	EndGlobalSection
	GlobalSection(ProjectConfigurationPlatforms) = postSolution
		{5B2FAFE4-C691-4083-9839-0E013AC81904}.DebugGame Editor|HTML5.ActiveCfg = BuiltWithUnrealBuildTool|Win32
		{5B2FAFE4-C691-4083-9839-0E013AC81904}.DebugGame Editor|Win32.ActiveCfg = BuiltWithUnrealBuildTool|Win32
		{5B2FAFE4-C691-4083-9839-0E013AC81904}.DebugGame Editor|Win64.ActiveCfg = BuiltWithUnrealBuildTool|Win32
		{5B2FAFE4-C691-4083-9839-0E013AC81904}.DebugGame|HTML5.ActiveCfg = BuiltWithUnrealBuildTool|Win32
		{5B2FAFE4-C691-4083-9839-0E013AC81904}.DebugGame|Win32.ActiveCfg = BuiltWithUnrealBuildTool|Win32
		{5B2FAFE4-C691-4083-9839-0E013AC81904}.DebugGame|Win64.ActiveCfg = BuiltWithUnrealBuildTool|Win32
		{5B2FAFE4-C691-4083-9839-0E013AC81904}.Development Editor|HTML5.ActiveCfg = BuiltWithUnrealBuildTool|Win32
		{5B2FAFE4-C691-4083-9839-0E013AC81904}.Development Editor|Win32.ActiveCfg = BuiltWithUnrealBuildTool|Win32
		{5B2FAFE4-C691-4083-9839-0E013AC81904}.Development Editor|Win64.ActiveCfg = BuiltWithUnrealBuildTool|Win32
		{5B2FAFE4-C691-4083-9839-0E013AC81904}.Development|HTML5.ActiveCfg = BuiltWithUnrealBuildTool|Win32
		{5B2FAFE4-C691-4083-9839-0E013AC81904}.Development|Win32.ActiveCfg = BuiltWithUnrealBuildTool|Win32
		{5B2FAFE4-C691-4083-9839-0E013AC81904}.Development|Win64.ActiveCfg = BuiltWithUnrealBuildTool|Win32
		{5B2FAFE4-C691-4083-9839-0E013AC81904}.Shipping|HTML5.ActiveCfg = BuiltWithUnrealBuildTool|Win32
		{5B2FAFE4-C691-4083-9839-0E013AC81904}.Shipping|Win32.ActiveCfg = BuiltWithUnrealBuildTool|Win32
		{5B2FAFE4-C691-4083-9839-0E013AC81904}.Shipping|Win64.ActiveCfg = BuiltWithUnrealBuildTool|Win32
		{C9CB7D16-FC92-49ED-89B6-7D7AD2D200F0}.DebugGame Editor|HTML5.ActiveCfg = Invalid|Win32
		{C9CB7D16-FC92-49ED-89B6-7D7AD2D200F0}.DebugGame Editor|Win32.ActiveCfg = Invalid|Win32
		{C9CB7D16-FC92-49ED-89B6-7D7AD2D200F0}.DebugGame Editor|Win64.ActiveCfg = DebugGame_Editor|x64
		{C9CB7D16-FC92-49ED-89B6-7D7AD2D200F0}.DebugGame Editor|Win64.Build.0 = DebugGame_Editor|x64
		{C9CB7D16-FC92-49ED-89B6-7D7AD2D200F0}.DebugGame|HTML5.ActiveCfg = HTML5_DebugGame|Win32
		{C9CB7D16-FC92-49ED-89B6-7D7AD2D200F0}.DebugGame|HTML5.Build.0 = HTML5_DebugGame|Win32
		{C9CB7D16-FC92-49ED-89B6-7D7AD2D200F0}.DebugGame|Win32.ActiveCfg = DebugGame|Win32
		{C9CB7D16-FC92-49ED-89B6-7D7AD2D200F0}.DebugGame|Win32.Build.0 = DebugGame|Win32
		{C9CB7D16-FC92-49ED-89B6-7D7AD2D200F0}.DebugGame|Win64.ActiveCfg = DebugGame|x64
		{C9CB7D16-FC92-49ED-89B6-7D7AD2D200F0}.DebugGame|Win64.Build.0 = DebugGame|x64
		{C9CB7D16-FC92-49ED-89B6-7D7AD2D200F0}.Development Editor|HTML5.ActiveCfg = Invalid|Win32
		{C9CB7D16-FC92-49ED-89B6-7D7AD2D200F0}.Development Editor|Win32.ActiveCfg = Invalid|Win32
		{C9CB7D16-FC92-49ED-89B6-7D7AD2D200F0}.Development Editor|Win64.ActiveCfg = Development_Editor|x64
		{C9CB7D16-FC92-49ED-89B6-7D7AD2D200F0}.Development Editor|Win64.Build.0 = Development_Editor|x64
		{C9CB7D16-FC92-49ED-89B6-7D7AD2D200F0}.Development|HTML5.ActiveCfg = HTML5_Development|Win32
		{C9CB7D16-FC92-49ED-89B6-7D7AD2D200F0}.Development|HTML5.Build.0 = HTML5_Development|Win32
		{C9CB7D16-FC92-49ED-89B6-7D7AD2D200F0}.Development|Win32.ActiveCfg = Development|Win32
		{C9CB7D16-FC92-49ED-89B6-7D7AD2D200F0}.Development|Win32.Build.0 = Development|Win32
		{C9CB7D16-FC92-49ED-89B6-7D7AD2D200F0}.Development|Win64.ActiveCfg = Development|x64
		{C9CB7D16-FC92-49ED-89B6-7D7AD2D200F0}.Development|Win64.Build.0 = Development|x64
		{C9CB7D16-FC92-49ED-89B6-7D7AD2D200F0}.Shipping|HTML5.ActiveCfg = HTML5_Shipping|Win32
		{C9CB7D16-FC92-49ED-89B6-7D7AD2D200F0}.Shipping|HTML5.Build.0 = HTML5_Shipping|Win32
		{C9CB7D16-FC92-49ED-89B6-7D7AD2D200F0}.Shipping|Win32.ActiveCfg = Shipping|Win32
		{C9CB7D16-FC92-49ED-89B6-7D7AD2D200F0}.Shipping|Win32.Build.0 = Shipping|Win32
		{C9CB7D16-FC92-49ED-89B6-7D7AD2D200F0}.Shipping|Win64.ActiveCfg = Shipping|x64
		{C9CB7D16-FC92-49ED-89B6-7D7AD2D200F0}.Shipping|Win64.Build.0 = Shipping|x64
	EndGlobalSection
	GlobalSection(SolutionProperties) = preSolution
		HideSolutionNode = FALSE
	EndGlobalSection
	GlobalSection(NestedProjects) = preSolution
		{5B2FAFE4-C691-4083-9839-0E013AC81904} = {23AF4FB9-6B82-4803-BAD3-6F85A53E15AB}
		{C9CB7D16-FC92-49ED-89B6-7D7AD2D200F0} = {874F8099-DA8F-4B70-9EA0-14C18EFE943A}
	EndGlobalSection
EndGlobal
